// !$*UTF8*$!
{
	archiveVersion = 1;
	classes = {
	};
	objectVersion = 48;
	objects = {

/* Begin PBXBuildFile section */
		275B3A611EA930A1005CDBF1 /* CharisSIL-R.ttf in Resources */ = {isa = PBXBuildFile; fileRef = 275B3A571EA930A1005CDBF1 /* CharisSIL-R.ttf */; };
		27818AA61EA92EA70018CBA3 /* AppDelegate.swift in Sources */ = {isa = PBXBuildFile; fileRef = 27818AA51EA92EA70018CBA3 /* AppDelegate.swift */; };
		27818AA81EA92EA70018CBA3 /* CarryingViewController.swift in Sources */ = {isa = PBXBuildFile; fileRef = 27818AA71EA92EA70018CBA3 /* CarryingViewController.swift */; };
		27818AAB1EA92EA70018CBA3 /* Main.storyboard in Resources */ = {isa = PBXBuildFile; fileRef = 27818AA91EA92EA70018CBA3 /* Main.storyboard */; };
		27818AAD1EA92EA70018CBA3 /* Assets.xcassets in Resources */ = {isa = PBXBuildFile; fileRef = 27818AAC1EA92EA70018CBA3 /* Assets.xcassets */; };
		27818AB01EA92EA70018CBA3 /* LaunchScreen.storyboard in Resources */ = {isa = PBXBuildFile; fileRef = 27818AAE1EA92EA70018CBA3 /* LaunchScreen.storyboard */; };
		27818ABE1EA92F540018CBA3 /* KeyboardViewController.swift in Sources */ = {isa = PBXBuildFile; fileRef = 27818ABD1EA92F540018CBA3 /* KeyboardViewController.swift */; };
		27818AC21EA92F540018CBA3 /* IPAChartBoard.appex in Embed App Extensions */ = {isa = PBXBuildFile; fileRef = 27818ABB1EA92F540018CBA3 /* IPAChartBoard.appex */; settings = {ATTRIBUTES = (RemoveHeadersOnCopy, ); }; };
		278CB5D01ECE31A100EDFABB /* app-index.html in Resources */ = {isa = PBXBuildFile; fileRef = 278CB5D21ECE31A100EDFABB /* app-index.html */; };
		27C9773F1F058A3A006735FE /* Symbola605.ttf in Resources */ = {isa = PBXBuildFile; fileRef = 27C9773E1F058A3A006735FE /* Symbola605.ttf */; };
		27D0BDEB1ED0ACF1005F2AB7 /* 715-globe.png in Resources */ = {isa = PBXBuildFile; fileRef = 27D0BDEE1ED0ACF1005F2AB7 /* 715-globe.png */; };
		27D0BDEC1ED0ACF1005F2AB7 /* 715-globe.png in Resources */ = {isa = PBXBuildFile; fileRef = 27D0BDEE1ED0ACF1005F2AB7 /* 715-globe.png */; };
		27D0BDF21ED0ACFE005F2AB7 /* icon-small-40@2x.png in Resources */ = {isa = PBXBuildFile; fileRef = 27D0BDF51ED0ACFE005F2AB7 /* icon-small-40@2x.png */; };
		27D0BDF31ED0ACFE005F2AB7 /* icon-small-40@2x.png in Resources */ = {isa = PBXBuildFile; fileRef = 27D0BDF51ED0ACFE005F2AB7 /* icon-small-40@2x.png */; };
		27DCF2791EC75642003B6970 /* Diacritics.storyboard in Resources */ = {isa = PBXBuildFile; fileRef = 27DCF27B1EC75642003B6970 /* Diacritics.storyboard */; };
		27DCF2821EC756E4003B6970 /* Nonpulmonics.storyboard in Resources */ = {isa = PBXBuildFile; fileRef = 27DCF2841EC756E4003B6970 /* Nonpulmonics.storyboard */; };
		27DCF28B1EC7572C003B6970 /* Other.storyboard in Resources */ = {isa = PBXBuildFile; fileRef = 27DCF28D1EC7572C003B6970 /* Other.storyboard */; };
		27DCF2941EC75764003B6970 /* Suprasegmentals.storyboard in Resources */ = {isa = PBXBuildFile; fileRef = 27DCF2961EC75764003B6970 /* Suprasegmentals.storyboard */; };
		27DCF29D1EC75794003B6970 /* Tones.storyboard in Resources */ = {isa = PBXBuildFile; fileRef = 27DCF29F1EC75794003B6970 /* Tones.storyboard */; };
		27E40F151EC75DEF0089C2E0 /* InfoPlist.strings in Resources */ = {isa = PBXBuildFile; fileRef = 27E40F171EC75DEF0089C2E0 /* InfoPlist.strings */; };
		27E40F1A1EC75DF00089C2E0 /* InfoPlist.strings in Resources */ = {isa = PBXBuildFile; fileRef = 27E40F1C1EC75DF00089C2E0 /* InfoPlist.strings */; };
		27E723951EABEBC700173354 /* ChartKind.swift in Sources */ = {isa = PBXBuildFile; fileRef = 27E7237C1EABEBC700173354 /* ChartKind.swift */; };
		27E723961EABEBC700173354 /* ChartViewController.swift in Sources */ = {isa = PBXBuildFile; fileRef = 27E7237D1EABEBC700173354 /* ChartViewController.swift */; };
		27E723971EABEBC700173354 /* Consonants.storyboard in Resources */ = {isa = PBXBuildFile; fileRef = 27E7237E1EABEBC700173354 /* Consonants.storyboard */; };
		27E723991EABEBC700173354 /* Favorites.storyboard in Resources */ = {isa = PBXBuildFile; fileRef = 27E723801EABEBC700173354 /* Favorites.storyboard */; };
		27E7239A1EABEBC700173354 /* FavoritesCache.swift in Sources */ = {isa = PBXBuildFile; fileRef = 27E723811EABEBC700173354 /* FavoritesCache.swift */; };
		27E7239B1EABEBC700173354 /* FavoritesViewController.swift in Sources */ = {isa = PBXBuildFile; fileRef = 27E723821EABEBC700173354 /* FavoritesViewController.swift */; };
		27E7239D1EABEBC700173354 /* KeyboardView.swift in Sources */ = {isa = PBXBuildFile; fileRef = 27E723841EABEBC700173354 /* KeyboardView.swift */; };
		27E7239F1EABEBC700173354 /* KeySpecification.swift in Sources */ = {isa = PBXBuildFile; fileRef = 27E723861EABEBC700173354 /* KeySpecification.swift */; };
		27E723A01EABEBC700173354 /* KeyView.swift in Sources */ = {isa = PBXBuildFile; fileRef = 27E723871EABEBC700173354 /* KeyView.swift */; };
		27E723A11EABEBC700173354 /* KeyViewDelegate.swift in Sources */ = {isa = PBXBuildFile; fileRef = 27E723881EABEBC700173354 /* KeyViewDelegate.swift */; };
		27E723A21EABEBC700173354 /* KeyViewKind.swift in Sources */ = {isa = PBXBuildFile; fileRef = 27E723891EABEBC700173354 /* KeyViewKind.swift */; };
		27E723A31EABEBC700173354 /* LineView.swift in Sources */ = {isa = PBXBuildFile; fileRef = 27E7238A1EABEBC700173354 /* LineView.swift */; };
		27E723A51EABEBC700173354 /* Numbers.storyboard in Resources */ = {isa = PBXBuildFile; fileRef = 27E7238C1EABEBC700173354 /* Numbers.storyboard */; };
		27E723A71EABEBC700173354 /* Scene.swift in Sources */ = {isa = PBXBuildFile; fileRef = 27E7238E1EABEBC700173354 /* Scene.swift */; };
		27E723A81EABEBC700173354 /* Scene+Equatable.swift in Sources */ = {isa = PBXBuildFile; fileRef = 27E7238F1EABEBC700173354 /* Scene+Equatable.swift */; };
		27E723A91EABEBC700173354 /* SceneKind.swift in Sources */ = {isa = PBXBuildFile; fileRef = 27E723901EABEBC700173354 /* SceneKind.swift */; };
		27E723AA1EABEBC700173354 /* SceneKind+Equatable.swift in Sources */ = {isa = PBXBuildFile; fileRef = 27E723911EABEBC700173354 /* SceneKind+Equatable.swift */; };
		27E723AD1EABEBC700173354 /* Vowels.storyboard in Resources */ = {isa = PBXBuildFile; fileRef = 27E723941EABEBC700173354 /* Vowels.storyboard */; };
		27E77BAE1F06A67F00FB2077 /* Keyboard.storyboard in Resources */ = {isa = PBXBuildFile; fileRef = 27E77BB01F06A67F00FB2077 /* Keyboard.storyboard */; };
/* End PBXBuildFile section */

/* Begin PBXContainerItemProxy section */
		27818AC01EA92F540018CBA3 /* PBXContainerItemProxy */ = {
			isa = PBXContainerItemProxy;
			containerPortal = 27818A9A1EA92EA70018CBA3 /* Project object */;
			proxyType = 1;
			remoteGlobalIDString = 27818ABA1EA92F540018CBA3;
			remoteInfo = IPAChartBoard;
		};
/* End PBXContainerItemProxy section */

/* Begin PBXCopyFilesBuildPhase section */
		27818AC61EA92F540018CBA3 /* Embed App Extensions */ = {
			isa = PBXCopyFilesBuildPhase;
			buildActionMask = 2147483647;
			dstPath = "";
			dstSubfolderSpec = 13;
			files = (
				27818AC21EA92F540018CBA3 /* IPAChartBoard.appex in Embed App Extensions */,
			);
			name = "Embed App Extensions";
			runOnlyForDeploymentPostprocessing = 0;
		};
/* End PBXCopyFilesBuildPhase section */

/* Begin PBXFileReference section */
		2702F0E31EB3B6E800D39BD1 /* de */ = {isa = PBXFileReference; lastKnownFileType = text.plist.strings; name = de; path = de.lproj/Main.strings; sourceTree = "<group>"; };
		2702F0E41EB3B6E800D39BD1 /* de */ = {isa = PBXFileReference; lastKnownFileType = text.plist.strings; name = de; path = de.lproj/LaunchScreen.strings; sourceTree = "<group>"; };
		271B14D81F06D2C1006D1A3F /* en */ = {isa = PBXFileReference; lastKnownFileType = text.plist.strings; name = en; path = en.lproj/Keyboard.strings; sourceTree = "<group>"; };
		275B3A571EA930A1005CDBF1 /* CharisSIL-R.ttf */ = {isa = PBXFileReference; lastKnownFileType = file; path = "CharisSIL-R.ttf"; sourceTree = "<group>"; };
		27818AA21EA92EA70018CBA3 /* IPAChartApp.app */ = {isa = PBXFileReference; explicitFileType = wrapper.application; includeInIndex = 0; path = IPAChartApp.app; sourceTree = BUILT_PRODUCTS_DIR; };
		27818AA51EA92EA70018CBA3 /* AppDelegate.swift */ = {isa = PBXFileReference; lastKnownFileType = sourcecode.swift; path = AppDelegate.swift; sourceTree = "<group>"; };
		27818AA71EA92EA70018CBA3 /* CarryingViewController.swift */ = {isa = PBXFileReference; lastKnownFileType = sourcecode.swift; path = CarryingViewController.swift; sourceTree = "<group>"; };
		27818AAA1EA92EA70018CBA3 /* Base */ = {isa = PBXFileReference; lastKnownFileType = file.storyboard; name = Base; path = Base.lproj/Main.storyboard; sourceTree = "<group>"; };
		27818AAC1EA92EA70018CBA3 /* Assets.xcassets */ = {isa = PBXFileReference; lastKnownFileType = folder.assetcatalog; path = Assets.xcassets; sourceTree = "<group>"; };
		27818AAF1EA92EA70018CBA3 /* Base */ = {isa = PBXFileReference; lastKnownFileType = file.storyboard; name = Base; path = Base.lproj/LaunchScreen.storyboard; sourceTree = "<group>"; };
		27818AB11EA92EA70018CBA3 /* Info.plist */ = {isa = PBXFileReference; lastKnownFileType = text.plist.xml; path = Info.plist; sourceTree = "<group>"; };
		27818ABB1EA92F540018CBA3 /* IPAChartBoard.appex */ = {isa = PBXFileReference; explicitFileType = "wrapper.app-extension"; includeInIndex = 0; path = IPAChartBoard.appex; sourceTree = BUILT_PRODUCTS_DIR; };
		27818ABD1EA92F540018CBA3 /* KeyboardViewController.swift */ = {isa = PBXFileReference; lastKnownFileType = sourcecode.swift; path = KeyboardViewController.swift; sourceTree = "<group>"; };
		27818ABF1EA92F540018CBA3 /* Info.plist */ = {isa = PBXFileReference; lastKnownFileType = text.plist.xml; path = Info.plist; sourceTree = "<group>"; };
		278CB5D11ECE31A100EDFABB /* Base */ = {isa = PBXFileReference; lastKnownFileType = text.html; name = Base; path = "Base.lproj/app-index.html"; sourceTree = "<group>"; };
		278CB5D31ECE31A600EDFABB /* en */ = {isa = PBXFileReference; lastKnownFileType = text.html; name = en; path = "en.lproj/app-index.html"; sourceTree = "<group>"; };
		278CB5D41ECE31A800EDFABB /* de */ = {isa = PBXFileReference; lastKnownFileType = text.html; name = de; path = "de.lproj/app-index.html"; sourceTree = "<group>"; };
		278CB5D51ECE31AA00EDFABB /* es */ = {isa = PBXFileReference; lastKnownFileType = text.html; name = es; path = "es.lproj/app-index.html"; sourceTree = "<group>"; };
		27C9773E1F058A3A006735FE /* Symbola605.ttf */ = {isa = PBXFileReference; lastKnownFileType = file; path = Symbola605.ttf; sourceTree = "<group>"; };
		27D0BDED1ED0ACF1005F2AB7 /* Base */ = {isa = PBXFileReference; lastKnownFileType = image.png; name = Base; path = "Base.lproj/715-globe.png"; sourceTree = "<group>"; };
		27D0BDEF1ED0ACF4005F2AB7 /* en */ = {isa = PBXFileReference; lastKnownFileType = image.png; name = en; path = "en.lproj/715-globe.png"; sourceTree = "<group>"; };
		27D0BDF01ED0ACF5005F2AB7 /* de */ = {isa = PBXFileReference; lastKnownFileType = image.png; name = de; path = "de.lproj/715-globe.png"; sourceTree = "<group>"; };
		27D0BDF11ED0ACF6005F2AB7 /* es */ = {isa = PBXFileReference; lastKnownFileType = image.png; name = es; path = "es.lproj/715-globe.png"; sourceTree = "<group>"; };
		27D0BDF41ED0ACFE005F2AB7 /* Base */ = {isa = PBXFileReference; lastKnownFileType = image.png; name = Base; path = "Base.lproj/icon-small-40@2x.png"; sourceTree = "<group>"; };
		27D0BDF61ED0AD00005F2AB7 /* en */ = {isa = PBXFileReference; lastKnownFileType = image.png; name = en; path = "en.lproj/icon-small-40@2x.png"; sourceTree = "<group>"; };
		27D0BDF71ED0AD01005F2AB7 /* de */ = {isa = PBXFileReference; lastKnownFileType = image.png; name = de; path = "de.lproj/icon-small-40@2x.png"; sourceTree = "<group>"; };
		27D0BDF81ED0AD02005F2AB7 /* es */ = {isa = PBXFileReference; lastKnownFileType = image.png; name = es; path = "es.lproj/icon-small-40@2x.png"; sourceTree = "<group>"; };
		27D0BDFE1ED0BDC6005F2AB7 /* en */ = {isa = PBXFileReference; lastKnownFileType = text.plist.strings; name = en; path = en.lproj/LaunchScreen.strings; sourceTree = "<group>"; };
		27DCF2771EC75477003B6970 /* es */ = {isa = PBXFileReference; lastKnownFileType = text.plist.strings; name = es; path = es.lproj/Main.strings; sourceTree = "<group>"; };
		27DCF2781EC75477003B6970 /* es */ = {isa = PBXFileReference; lastKnownFileType = text.plist.strings; name = es; path = es.lproj/LaunchScreen.strings; sourceTree = "<group>"; };
		27DCF27A1EC75642003B6970 /* Base */ = {isa = PBXFileReference; lastKnownFileType = file.storyboard; name = Base; path = Base.lproj/Diacritics.storyboard; sourceTree = "<group>"; };
		27DCF27D1EC75652003B6970 /* en */ = {isa = PBXFileReference; lastKnownFileType = text.plist.strings; name = en; path = en.lproj/Diacritics.strings; sourceTree = "<group>"; };
		27DCF27F1EC7565B003B6970 /* de */ = {isa = PBXFileReference; lastKnownFileType = text.plist.strings; name = de; path = de.lproj/Diacritics.strings; sourceTree = "<group>"; };
		27DCF2811EC7565F003B6970 /* es */ = {isa = PBXFileReference; lastKnownFileType = text.plist.strings; name = es; path = es.lproj/Diacritics.strings; sourceTree = "<group>"; };
		27DCF2831EC756E4003B6970 /* Base */ = {isa = PBXFileReference; lastKnownFileType = file.storyboard; name = Base; path = Base.lproj/Nonpulmonics.storyboard; sourceTree = "<group>"; };
		27DCF2861EC756F8003B6970 /* en */ = {isa = PBXFileReference; lastKnownFileType = text.plist.strings; name = en; path = en.lproj/Nonpulmonics.strings; sourceTree = "<group>"; };
		27DCF2881EC756FB003B6970 /* de */ = {isa = PBXFileReference; lastKnownFileType = text.plist.strings; name = de; path = de.lproj/Nonpulmonics.strings; sourceTree = "<group>"; };
		27DCF28A1EC75701003B6970 /* es */ = {isa = PBXFileReference; lastKnownFileType = text.plist.strings; name = es; path = es.lproj/Nonpulmonics.strings; sourceTree = "<group>"; };
		27DCF28C1EC7572C003B6970 /* Base */ = {isa = PBXFileReference; lastKnownFileType = file.storyboard; name = Base; path = Base.lproj/Other.storyboard; sourceTree = "<group>"; };
		27DCF28F1EC75731003B6970 /* en */ = {isa = PBXFileReference; lastKnownFileType = text.plist.strings; name = en; path = en.lproj/Other.strings; sourceTree = "<group>"; };
		27DCF2911EC75736003B6970 /* de */ = {isa = PBXFileReference; lastKnownFileType = text.plist.strings; name = de; path = de.lproj/Other.strings; sourceTree = "<group>"; };
		27DCF2931EC7573B003B6970 /* es */ = {isa = PBXFileReference; lastKnownFileType = text.plist.strings; name = es; path = es.lproj/Other.strings; sourceTree = "<group>"; };
		27DCF2951EC75764003B6970 /* Base */ = {isa = PBXFileReference; lastKnownFileType = file.storyboard; name = Base; path = Base.lproj/Suprasegmentals.storyboard; sourceTree = "<group>"; };
		27DCF2981EC75769003B6970 /* en */ = {isa = PBXFileReference; lastKnownFileType = text.plist.strings; name = en; path = en.lproj/Suprasegmentals.strings; sourceTree = "<group>"; };
		27DCF29A1EC7576E003B6970 /* de */ = {isa = PBXFileReference; lastKnownFileType = text.plist.strings; name = de; path = de.lproj/Suprasegmentals.strings; sourceTree = "<group>"; };
		27DCF29C1EC75772003B6970 /* es */ = {isa = PBXFileReference; lastKnownFileType = text.plist.strings; name = es; path = es.lproj/Suprasegmentals.strings; sourceTree = "<group>"; };
		27DCF29E1EC75794003B6970 /* Base */ = {isa = PBXFileReference; lastKnownFileType = file.storyboard; name = Base; path = Base.lproj/Tones.storyboard; sourceTree = "<group>"; };
		27DCF2A11EC7579B003B6970 /* en */ = {isa = PBXFileReference; lastKnownFileType = text.plist.strings; name = en; path = en.lproj/Tones.strings; sourceTree = "<group>"; };
		27DCF2A31EC7579F003B6970 /* de */ = {isa = PBXFileReference; lastKnownFileType = text.plist.strings; name = de; path = de.lproj/Tones.strings; sourceTree = "<group>"; };
		27DCF2A51EC757A4003B6970 /* es */ = {isa = PBXFileReference; lastKnownFileType = text.plist.strings; name = es; path = es.lproj/Tones.strings; sourceTree = "<group>"; };
		27E40F161EC75DEF0089C2E0 /* de */ = {isa = PBXFileReference; lastKnownFileType = text.plist.strings; name = de; path = de.lproj/InfoPlist.strings; sourceTree = "<group>"; };
		27E40F1B1EC75DF00089C2E0 /* de */ = {isa = PBXFileReference; lastKnownFileType = text.plist.strings; name = de; path = de.lproj/InfoPlist.strings; sourceTree = "<group>"; };
		27E40F1D1EC782D20089C2E0 /* es */ = {isa = PBXFileReference; lastKnownFileType = text.plist.strings; name = es; path = es.lproj/InfoPlist.strings; sourceTree = "<group>"; };
		27E40F1E1EC782D30089C2E0 /* es */ = {isa = PBXFileReference; lastKnownFileType = text.plist.strings; name = es; path = es.lproj/InfoPlist.strings; sourceTree = "<group>"; };
		27E7237C1EABEBC700173354 /* ChartKind.swift */ = {isa = PBXFileReference; fileEncoding = 4; lastKnownFileType = sourcecode.swift; path = ChartKind.swift; sourceTree = "<group>"; };
		27E7237D1EABEBC700173354 /* ChartViewController.swift */ = {isa = PBXFileReference; fileEncoding = 4; lastKnownFileType = sourcecode.swift; path = ChartViewController.swift; sourceTree = "<group>"; };
		27E7237E1EABEBC700173354 /* Consonants.storyboard */ = {isa = PBXFileReference; fileEncoding = 4; lastKnownFileType = file.storyboard; path = Consonants.storyboard; sourceTree = "<group>"; };
		27E723801EABEBC700173354 /* Favorites.storyboard */ = {isa = PBXFileReference; fileEncoding = 4; lastKnownFileType = file.storyboard; path = Favorites.storyboard; sourceTree = "<group>"; };
		27E723811EABEBC700173354 /* FavoritesCache.swift */ = {isa = PBXFileReference; fileEncoding = 4; lastKnownFileType = sourcecode.swift; path = FavoritesCache.swift; sourceTree = "<group>"; };
		27E723821EABEBC700173354 /* FavoritesViewController.swift */ = {isa = PBXFileReference; fileEncoding = 4; lastKnownFileType = sourcecode.swift; path = FavoritesViewController.swift; sourceTree = "<group>"; };
		27E723841EABEBC700173354 /* KeyboardView.swift */ = {isa = PBXFileReference; fileEncoding = 4; lastKnownFileType = sourcecode.swift; path = KeyboardView.swift; sourceTree = "<group>"; };
		27E723861EABEBC700173354 /* KeySpecification.swift */ = {isa = PBXFileReference; fileEncoding = 4; lastKnownFileType = sourcecode.swift; path = KeySpecification.swift; sourceTree = "<group>"; };
		27E723871EABEBC700173354 /* KeyView.swift */ = {isa = PBXFileReference; fileEncoding = 4; lastKnownFileType = sourcecode.swift; path = KeyView.swift; sourceTree = "<group>"; };
		27E723881EABEBC700173354 /* KeyViewDelegate.swift */ = {isa = PBXFileReference; fileEncoding = 4; lastKnownFileType = sourcecode.swift; path = KeyViewDelegate.swift; sourceTree = "<group>"; };
		27E723891EABEBC700173354 /* KeyViewKind.swift */ = {isa = PBXFileReference; fileEncoding = 4; lastKnownFileType = sourcecode.swift; path = KeyViewKind.swift; sourceTree = "<group>"; };
		27E7238A1EABEBC700173354 /* LineView.swift */ = {isa = PBXFileReference; fileEncoding = 4; lastKnownFileType = sourcecode.swift; path = LineView.swift; sourceTree = "<group>"; };
		27E7238C1EABEBC700173354 /* Numbers.storyboard */ = {isa = PBXFileReference; fileEncoding = 4; lastKnownFileType = file.storyboard; path = Numbers.storyboard; sourceTree = "<group>"; };
		27E7238E1EABEBC700173354 /* Scene.swift */ = {isa = PBXFileReference; fileEncoding = 4; lastKnownFileType = sourcecode.swift; path = Scene.swift; sourceTree = "<group>"; };
		27E7238F1EABEBC700173354 /* Scene+Equatable.swift */ = {isa = PBXFileReference; fileEncoding = 4; lastKnownFileType = sourcecode.swift; path = "Scene+Equatable.swift"; sourceTree = "<group>"; };
		27E723901EABEBC700173354 /* SceneKind.swift */ = {isa = PBXFileReference; fileEncoding = 4; lastKnownFileType = sourcecode.swift; path = SceneKind.swift; sourceTree = "<group>"; };
		27E723911EABEBC700173354 /* SceneKind+Equatable.swift */ = {isa = PBXFileReference; fileEncoding = 4; lastKnownFileType = sourcecode.swift; path = "SceneKind+Equatable.swift"; sourceTree = "<group>"; };
		27E723941EABEBC700173354 /* Vowels.storyboard */ = {isa = PBXFileReference; fileEncoding = 4; lastKnownFileType = file.storyboard; path = Vowels.storyboard; sourceTree = "<group>"; };
		27E77BAF1F06A67F00FB2077 /* Base */ = {isa = PBXFileReference; lastKnownFileType = file.storyboard; name = Base; path = Base.lproj/Keyboard.storyboard; sourceTree = "<group>"; };
		27E77BB41F06A68A00FB2077 /* de */ = {isa = PBXFileReference; lastKnownFileType = text.plist.strings; name = de; path = de.lproj/Keyboard.strings; sourceTree = "<group>"; };
		27E77BB61F06A68B00FB2077 /* es */ = {isa = PBXFileReference; lastKnownFileType = text.plist.strings; name = es; path = es.lproj/Keyboard.strings; sourceTree = "<group>"; };
/* End PBXFileReference section */

/* Begin PBXFrameworksBuildPhase section */
		27818A9F1EA92EA70018CBA3 /* Frameworks */ = {
			isa = PBXFrameworksBuildPhase;
			buildActionMask = 2147483647;
			files = (
			);
			runOnlyForDeploymentPostprocessing = 0;
		};
		27818AB81EA92F540018CBA3 /* Frameworks */ = {
			isa = PBXFrameworksBuildPhase;
			buildActionMask = 2147483647;
			files = (
			);
			runOnlyForDeploymentPostprocessing = 0;
		};
/* End PBXFrameworksBuildPhase section */

/* Begin PBXGroup section */
		275B3A621EA931C1005CDBF1 /* Resources */ = {
			isa = PBXGroup;
			children = (
				27C9773E1F058A3A006735FE /* Symbola605.ttf */,
				27D0BDEE1ED0ACF1005F2AB7 /* 715-globe.png */,
				275B3A571EA930A1005CDBF1 /* CharisSIL-R.ttf */,
			);
			name = Resources;
			sourceTree = "<group>";
		};
		27818A991EA92EA70018CBA3 = {
			isa = PBXGroup;
			children = (
				27818AA41EA92EA70018CBA3 /* IPAChartApp */,
				27818ABC1EA92F540018CBA3 /* IPAChartBoard */,
				27818AA31EA92EA70018CBA3 /* Products */,
			);
			sourceTree = "<group>";
		};
		27818AA31EA92EA70018CBA3 /* Products */ = {
			isa = PBXGroup;
			children = (
				27818AA21EA92EA70018CBA3 /* IPAChartApp.app */,
				27818ABB1EA92F540018CBA3 /* IPAChartBoard.appex */,
			);
			name = Products;
			sourceTree = "<group>";
		};
		27818AA41EA92EA70018CBA3 /* IPAChartApp */ = {
			isa = PBXGroup;
			children = (
				278CB5CB1ECE295900EDFABB /* Resource */,
				27E40F1C1EC75DF00089C2E0 /* InfoPlist.strings */,
				27818AA51EA92EA70018CBA3 /* AppDelegate.swift */,
				27818AA71EA92EA70018CBA3 /* CarryingViewController.swift */,
				27818AA91EA92EA70018CBA3 /* Main.storyboard */,
				27818AAC1EA92EA70018CBA3 /* Assets.xcassets */,
				27818AAE1EA92EA70018CBA3 /* LaunchScreen.storyboard */,
				27818AB11EA92EA70018CBA3 /* Info.plist */,
			);
			path = IPAChartApp;
			sourceTree = "<group>";
		};
		27818ABC1EA92F540018CBA3 /* IPAChartBoard */ = {
			isa = PBXGroup;
			children = (
				27E40F171EC75DEF0089C2E0 /* InfoPlist.strings */,
				27E7237C1EABEBC700173354 /* ChartKind.swift */,
				27E7237D1EABEBC700173354 /* ChartViewController.swift */,
				27E7237E1EABEBC700173354 /* Consonants.storyboard */,
				27DCF27B1EC75642003B6970 /* Diacritics.storyboard */,
				27E723801EABEBC700173354 /* Favorites.storyboard */,
				27E723811EABEBC700173354 /* FavoritesCache.swift */,
				27E723821EABEBC700173354 /* FavoritesViewController.swift */,
				27818ABF1EA92F540018CBA3 /* Info.plist */,
				27E77BB01F06A67F00FB2077 /* Keyboard.storyboard */,
				27E723841EABEBC700173354 /* KeyboardView.swift */,
				27818ABD1EA92F540018CBA3 /* KeyboardViewController.swift */,
				27E723861EABEBC700173354 /* KeySpecification.swift */,
				27E723871EABEBC700173354 /* KeyView.swift */,
				27E723881EABEBC700173354 /* KeyViewDelegate.swift */,
				27E723891EABEBC700173354 /* KeyViewKind.swift */,
				27E7238A1EABEBC700173354 /* LineView.swift */,
				27DCF2841EC756E4003B6970 /* Nonpulmonics.storyboard */,
				27E7238C1EABEBC700173354 /* Numbers.storyboard */,
				27DCF28D1EC7572C003B6970 /* Other.storyboard */,
				275B3A621EA931C1005CDBF1 /* Resources */,
				27E7238E1EABEBC700173354 /* Scene.swift */,
				27E7238F1EABEBC700173354 /* Scene+Equatable.swift */,
				27E723901EABEBC700173354 /* SceneKind.swift */,
				27E723911EABEBC700173354 /* SceneKind+Equatable.swift */,
				27DCF2961EC75764003B6970 /* Suprasegmentals.storyboard */,
				27DCF29F1EC75794003B6970 /* Tones.storyboard */,
				27E723941EABEBC700173354 /* Vowels.storyboard */,
			);
			path = IPAChartBoard;
			sourceTree = "<group>";
		};
		278CB5CB1ECE295900EDFABB /* Resource */ = {
			isa = PBXGroup;
			children = (
				27D0BDF51ED0ACFE005F2AB7 /* icon-small-40@2x.png */,
				278CB5D21ECE31A100EDFABB /* app-index.html */,
			);
			name = Resource;
			sourceTree = "<group>";
		};
/* End PBXGroup section */

/* Begin PBXNativeTarget section */
		27818AA11EA92EA70018CBA3 /* IPAChartApp */ = {
			isa = PBXNativeTarget;
			buildConfigurationList = 27818AB41EA92EA70018CBA3 /* Build configuration list for PBXNativeTarget "IPAChartApp" */;
			buildPhases = (
				27818A9E1EA92EA70018CBA3 /* Sources */,
				27818A9F1EA92EA70018CBA3 /* Frameworks */,
				27818AA01EA92EA70018CBA3 /* Resources */,
				27818AC61EA92F540018CBA3 /* Embed App Extensions */,
			);
			buildRules = (
			);
			dependencies = (
				27818AC11EA92F540018CBA3 /* PBXTargetDependency */,
			);
			name = IPAChartApp;
			productName = IPAChartApp;
			productReference = 27818AA21EA92EA70018CBA3 /* IPAChartApp.app */;
			productType = "com.apple.product-type.application";
		};
		27818ABA1EA92F540018CBA3 /* IPAChartBoard */ = {
			isa = PBXNativeTarget;
			buildConfigurationList = 27818AC31EA92F540018CBA3 /* Build configuration list for PBXNativeTarget "IPAChartBoard" */;
			buildPhases = (
				27818AB71EA92F540018CBA3 /* Sources */,
				27818AB81EA92F540018CBA3 /* Frameworks */,
				27818AB91EA92F540018CBA3 /* Resources */,
			);
			buildRules = (
			);
			dependencies = (
			);
			name = IPAChartBoard;
			productName = IPAChartBoard;
			productReference = 27818ABB1EA92F540018CBA3 /* IPAChartBoard.appex */;
			productType = "com.apple.product-type.app-extension";
		};
/* End PBXNativeTarget section */

/* Begin PBXProject section */
		27818A9A1EA92EA70018CBA3 /* Project object */ = {
			isa = PBXProject;
			attributes = {
				LastSwiftUpdateCheck = 0830;
				LastUpgradeCheck = 0830;
				ORGANIZATIONNAME = "TyndaleSoft LLC";
				TargetAttributes = {
					27818AA11EA92EA70018CBA3 = {
						CreatedOnToolsVersion = 8.3.2;
						ProvisioningStyle = Automatic;
					};
					27818ABA1EA92F540018CBA3 = {
						CreatedOnToolsVersion = 8.3.2;
						ProvisioningStyle = Automatic;
					};
				};
			};
			buildConfigurationList = 27818A9D1EA92EA70018CBA3 /* Build configuration list for PBXProject "IPAChartApp" */;
			compatibilityVersion = "Xcode 8.0";
			developmentRegion = English;
			hasScannedForEncodings = 0;
			knownRegions = (
				en,
				Base,
				de,
				es,
			);
			mainGroup = 27818A991EA92EA70018CBA3;
			productRefGroup = 27818AA31EA92EA70018CBA3 /* Products */;
			projectDirPath = "";
			projectRoot = "";
			targets = (
				27818AA11EA92EA70018CBA3 /* IPAChartApp */,
				27818ABA1EA92F540018CBA3 /* IPAChartBoard */,
			);
		};
/* End PBXProject section */

/* Begin PBXResourcesBuildPhase section */
		27818AA01EA92EA70018CBA3 /* Resources */ = {
			isa = PBXResourcesBuildPhase;
			buildActionMask = 2147483647;
			files = (
				27D0BDEB1ED0ACF1005F2AB7 /* 715-globe.png in Resources */,
				27D0BDF21ED0ACFE005F2AB7 /* icon-small-40@2x.png in Resources */,
				27818AB01EA92EA70018CBA3 /* LaunchScreen.storyboard in Resources */,
				27E40F1A1EC75DF00089C2E0 /* InfoPlist.strings in Resources */,
				27818AAD1EA92EA70018CBA3 /* Assets.xcassets in Resources */,
				278CB5D01ECE31A100EDFABB /* app-index.html in Resources */,
				27818AAB1EA92EA70018CBA3 /* Main.storyboard in Resources */,
			);
			runOnlyForDeploymentPostprocessing = 0;
		};
		27818AB91EA92F540018CBA3 /* Resources */ = {
			isa = PBXResourcesBuildPhase;
			buildActionMask = 2147483647;
			files = (
				27D0BDF31ED0ACFE005F2AB7 /* icon-small-40@2x.png in Resources */,
				27E40F151EC75DEF0089C2E0 /* InfoPlist.strings in Resources */,
				27DCF28B1EC7572C003B6970 /* Other.storyboard in Resources */,
				27E723991EABEBC700173354 /* Favorites.storyboard in Resources */,
				27E77BAE1F06A67F00FB2077 /* Keyboard.storyboard in Resources */,
				27E723971EABEBC700173354 /* Consonants.storyboard in Resources */,
				27E723A51EABEBC700173354 /* Numbers.storyboard in Resources */,
				27DCF2791EC75642003B6970 /* Diacritics.storyboard in Resources */,
				27DCF2821EC756E4003B6970 /* Nonpulmonics.storyboard in Resources */,
				27DCF2941EC75764003B6970 /* Suprasegmentals.storyboard in Resources */,
				27E723AD1EABEBC700173354 /* Vowels.storyboard in Resources */,
				275B3A611EA930A1005CDBF1 /* CharisSIL-R.ttf in Resources */,
				27C9773F1F058A3A006735FE /* Symbola605.ttf in Resources */,
				27DCF29D1EC75794003B6970 /* Tones.storyboard in Resources */,
				27D0BDEC1ED0ACF1005F2AB7 /* 715-globe.png in Resources */,
			);
			runOnlyForDeploymentPostprocessing = 0;
		};
/* End PBXResourcesBuildPhase section */

/* Begin PBXSourcesBuildPhase section */
		27818A9E1EA92EA70018CBA3 /* Sources */ = {
			isa = PBXSourcesBuildPhase;
			buildActionMask = 2147483647;
			files = (
				27818AA81EA92EA70018CBA3 /* CarryingViewController.swift in Sources */,
				27818AA61EA92EA70018CBA3 /* AppDelegate.swift in Sources */,
			);
			runOnlyForDeploymentPostprocessing = 0;
		};
		27818AB71EA92F540018CBA3 /* Sources */ = {
			isa = PBXSourcesBuildPhase;
			buildActionMask = 2147483647;
			files = (
				27E723951EABEBC700173354 /* ChartKind.swift in Sources */,
				27818ABE1EA92F540018CBA3 /* KeyboardViewController.swift in Sources */,
				27E7239A1EABEBC700173354 /* FavoritesCache.swift in Sources */,
				27E723A81EABEBC700173354 /* Scene+Equatable.swift in Sources */,
				27E7239F1EABEBC700173354 /* KeySpecification.swift in Sources */,
				27E723A71EABEBC700173354 /* Scene.swift in Sources */,
				27E7239D1EABEBC700173354 /* KeyboardView.swift in Sources */,
				27E723AA1EABEBC700173354 /* SceneKind+Equatable.swift in Sources */,
				27E723A11EABEBC700173354 /* KeyViewDelegate.swift in Sources */,
				27E723A01EABEBC700173354 /* KeyView.swift in Sources */,
				27E723A21EABEBC700173354 /* KeyViewKind.swift in Sources */,
				27E723A31EABEBC700173354 /* LineView.swift in Sources */,
				27E7239B1EABEBC700173354 /* FavoritesViewController.swift in Sources */,
				27E723A91EABEBC700173354 /* SceneKind.swift in Sources */,
				27E723961EABEBC700173354 /* ChartViewController.swift in Sources */,
			);
			runOnlyForDeploymentPostprocessing = 0;
		};
/* End PBXSourcesBuildPhase section */

/* Begin PBXTargetDependency section */
		27818AC11EA92F540018CBA3 /* PBXTargetDependency */ = {
			isa = PBXTargetDependency;
			target = 27818ABA1EA92F540018CBA3 /* IPAChartBoard */;
			targetProxy = 27818AC01EA92F540018CBA3 /* PBXContainerItemProxy */;
		};
/* End PBXTargetDependency section */

/* Begin PBXVariantGroup section */
		27818AA91EA92EA70018CBA3 /* Main.storyboard */ = {
			isa = PBXVariantGroup;
			children = (
				27818AAA1EA92EA70018CBA3 /* Base */,
				2702F0E31EB3B6E800D39BD1 /* de */,
				27DCF2771EC75477003B6970 /* es */,
			);
			name = Main.storyboard;
			sourceTree = "<group>";
		};
		27818AAE1EA92EA70018CBA3 /* LaunchScreen.storyboard */ = {
			isa = PBXVariantGroup;
			children = (
				27818AAF1EA92EA70018CBA3 /* Base */,
				2702F0E41EB3B6E800D39BD1 /* de */,
				27DCF2781EC75477003B6970 /* es */,
				27D0BDFE1ED0BDC6005F2AB7 /* en */,
			);
			name = LaunchScreen.storyboard;
			sourceTree = "<group>";
		};
		278CB5D21ECE31A100EDFABB /* app-index.html */ = {
			isa = PBXVariantGroup;
			children = (
				278CB5D11ECE31A100EDFABB /* Base */,
				278CB5D31ECE31A600EDFABB /* en */,
				278CB5D41ECE31A800EDFABB /* de */,
				278CB5D51ECE31AA00EDFABB /* es */,
			);
			name = "app-index.html";
			sourceTree = "<group>";
		};
		27D0BDEE1ED0ACF1005F2AB7 /* 715-globe.png */ = {
			isa = PBXVariantGroup;
			children = (
				27D0BDED1ED0ACF1005F2AB7 /* Base */,
				27D0BDEF1ED0ACF4005F2AB7 /* en */,
				27D0BDF01ED0ACF5005F2AB7 /* de */,
				27D0BDF11ED0ACF6005F2AB7 /* es */,
			);
			name = "715-globe.png";
			sourceTree = "<group>";
		};
		27D0BDF51ED0ACFE005F2AB7 /* icon-small-40@2x.png */ = {
			isa = PBXVariantGroup;
			children = (
				27D0BDF41ED0ACFE005F2AB7 /* Base */,
				27D0BDF61ED0AD00005F2AB7 /* en */,
				27D0BDF71ED0AD01005F2AB7 /* de */,
				27D0BDF81ED0AD02005F2AB7 /* es */,
			);
			name = "icon-small-40@2x.png";
			sourceTree = "<group>";
		};
		27DCF27B1EC75642003B6970 /* Diacritics.storyboard */ = {
			isa = PBXVariantGroup;
			children = (
				27DCF27A1EC75642003B6970 /* Base */,
				27DCF27D1EC75652003B6970 /* en */,
				27DCF27F1EC7565B003B6970 /* de */,
				27DCF2811EC7565F003B6970 /* es */,
			);
			name = Diacritics.storyboard;
			sourceTree = "<group>";
		};
		27DCF2841EC756E4003B6970 /* Nonpulmonics.storyboard */ = {
			isa = PBXVariantGroup;
			children = (
				27DCF2831EC756E4003B6970 /* Base */,
				27DCF2861EC756F8003B6970 /* en */,
				27DCF2881EC756FB003B6970 /* de */,
				27DCF28A1EC75701003B6970 /* es */,
			);
			name = Nonpulmonics.storyboard;
			sourceTree = "<group>";
		};
		27DCF28D1EC7572C003B6970 /* Other.storyboard */ = {
			isa = PBXVariantGroup;
			children = (
				27DCF28C1EC7572C003B6970 /* Base */,
				27DCF28F1EC75731003B6970 /* en */,
				27DCF2911EC75736003B6970 /* de */,
				27DCF2931EC7573B003B6970 /* es */,
			);
			name = Other.storyboard;
			sourceTree = "<group>";
		};
		27DCF2961EC75764003B6970 /* Suprasegmentals.storyboard */ = {
			isa = PBXVariantGroup;
			children = (
				27DCF2951EC75764003B6970 /* Base */,
				27DCF2981EC75769003B6970 /* en */,
				27DCF29A1EC7576E003B6970 /* de */,
				27DCF29C1EC75772003B6970 /* es */,
			);
			name = Suprasegmentals.storyboard;
			sourceTree = "<group>";
		};
		27DCF29F1EC75794003B6970 /* Tones.storyboard */ = {
			isa = PBXVariantGroup;
			children = (
				27DCF29E1EC75794003B6970 /* Base */,
				27DCF2A11EC7579B003B6970 /* en */,
				27DCF2A31EC7579F003B6970 /* de */,
				27DCF2A51EC757A4003B6970 /* es */,
			);
			name = Tones.storyboard;
			sourceTree = "<group>";
		};
		27E40F171EC75DEF0089C2E0 /* InfoPlist.strings */ = {
			isa = PBXVariantGroup;
			children = (
				27E40F161EC75DEF0089C2E0 /* de */,
				27E40F1D1EC782D20089C2E0 /* es */,
			);
			name = InfoPlist.strings;
			sourceTree = "<group>";
		};
		27E40F1C1EC75DF00089C2E0 /* InfoPlist.strings */ = {
			isa = PBXVariantGroup;
			children = (
				27E40F1B1EC75DF00089C2E0 /* de */,
				27E40F1E1EC782D30089C2E0 /* es */,
			);
			name = InfoPlist.strings;
			sourceTree = "<group>";
		};
		27E77BB01F06A67F00FB2077 /* Keyboard.storyboard */ = {
			isa = PBXVariantGroup;
			children = (
				27E77BAF1F06A67F00FB2077 /* Base */,
				27E77BB41F06A68A00FB2077 /* de */,
				27E77BB61F06A68B00FB2077 /* es */,
				271B14D81F06D2C1006D1A3F /* en */,
			);
			name = Keyboard.storyboard;
			sourceTree = "<group>";
		};
/* End PBXVariantGroup section */

/* Begin XCBuildConfiguration section */
		27818AB21EA92EA70018CBA3 /* Debug */ = {
			isa = XCBuildConfiguration;
			buildSettings = {
				ALWAYS_SEARCH_USER_PATHS = NO;
				CLANG_ANALYZER_LOCALIZABILITY_NONLOCALIZED = YES;
				CLANG_ANALYZER_NONNULL = YES;
				CLANG_ANALYZER_NUMBER_OBJECT_CONVERSION = YES_AGGRESSIVE;
				CLANG_CXX_LANGUAGE_STANDARD = "gnu++0x";
				CLANG_CXX_LIBRARY = "libc++";
				CLANG_ENABLE_MODULES = YES;
				CLANG_ENABLE_OBJC_ARC = YES;
				CLANG_WARN_BOOL_CONVERSION = YES;
				CLANG_WARN_CONSTANT_CONVERSION = YES;
				CLANG_WARN_DIRECT_OBJC_ISA_USAGE = YES_ERROR;
				CLANG_WARN_DOCUMENTATION_COMMENTS = YES;
				CLANG_WARN_EMPTY_BODY = YES;
				CLANG_WARN_ENUM_CONVERSION = YES;
				CLANG_WARN_INFINITE_RECURSION = YES;
				CLANG_WARN_INT_CONVERSION = YES;
				CLANG_WARN_OBJC_ROOT_CLASS = YES_ERROR;
				CLANG_WARN_SUSPICIOUS_MOVE = YES;
				CLANG_WARN_UNREACHABLE_CODE = YES;
				CLANG_WARN__DUPLICATE_METHOD_MATCH = YES;
				"CODE_SIGN_IDENTITY[sdk=iphoneos*]" = "iPhone Developer";
				COPY_PHASE_STRIP = NO;
				DEBUG_INFORMATION_FORMAT = dwarf;
				ENABLE_STRICT_OBJC_MSGSEND = YES;
				ENABLE_TESTABILITY = YES;
				GCC_C_LANGUAGE_STANDARD = gnu99;
				GCC_DYNAMIC_NO_PIC = NO;
				GCC_NO_COMMON_BLOCKS = YES;
				GCC_OPTIMIZATION_LEVEL = 0;
				GCC_PREPROCESSOR_DEFINITIONS = (
					"DEBUG=1",
					"$(inherited)",
				);
				GCC_WARN_64_TO_32_BIT_CONVERSION = YES;
				GCC_WARN_ABOUT_RETURN_TYPE = YES_ERROR;
				GCC_WARN_UNDECLARED_SELECTOR = YES;
				GCC_WARN_UNINITIALIZED_AUTOS = YES_AGGRESSIVE;
				GCC_WARN_UNUSED_FUNCTION = YES;
				GCC_WARN_UNUSED_VARIABLE = YES;
				IPHONEOS_DEPLOYMENT_TARGET = 9.3;
				MTL_ENABLE_DEBUG_INFO = YES;
				ONLY_ACTIVE_ARCH = YES;
				PRODUCT_NAME = IPAChartApp;
				SDKROOT = iphoneos;
				SWIFT_ACTIVE_COMPILATION_CONDITIONS = DEBUG;
				SWIFT_OPTIMIZATION_LEVEL = "-Onone";
				TARGETED_DEVICE_FAMILY = "1,2";
			};
			name = Debug;
		};
		27818AB31EA92EA70018CBA3 /* Release */ = {
			isa = XCBuildConfiguration;
			buildSettings = {
				ALWAYS_SEARCH_USER_PATHS = NO;
				CLANG_ANALYZER_LOCALIZABILITY_NONLOCALIZED = YES;
				CLANG_ANALYZER_NONNULL = YES;
				CLANG_ANALYZER_NUMBER_OBJECT_CONVERSION = YES_AGGRESSIVE;
				CLANG_CXX_LANGUAGE_STANDARD = "gnu++0x";
				CLANG_CXX_LIBRARY = "libc++";
				CLANG_ENABLE_MODULES = YES;
				CLANG_ENABLE_OBJC_ARC = YES;
				CLANG_WARN_BOOL_CONVERSION = YES;
				CLANG_WARN_CONSTANT_CONVERSION = YES;
				CLANG_WARN_DIRECT_OBJC_ISA_USAGE = YES_ERROR;
				CLANG_WARN_DOCUMENTATION_COMMENTS = YES;
				CLANG_WARN_EMPTY_BODY = YES;
				CLANG_WARN_ENUM_CONVERSION = YES;
				CLANG_WARN_INFINITE_RECURSION = YES;
				CLANG_WARN_INT_CONVERSION = YES;
				CLANG_WARN_OBJC_ROOT_CLASS = YES_ERROR;
				CLANG_WARN_SUSPICIOUS_MOVE = YES;
				CLANG_WARN_UNREACHABLE_CODE = YES;
				CLANG_WARN__DUPLICATE_METHOD_MATCH = YES;
				"CODE_SIGN_IDENTITY[sdk=iphoneos*]" = "iPhone Developer";
				COPY_PHASE_STRIP = NO;
				DEBUG_INFORMATION_FORMAT = "dwarf-with-dsym";
				ENABLE_NS_ASSERTIONS = NO;
				ENABLE_STRICT_OBJC_MSGSEND = YES;
				GCC_C_LANGUAGE_STANDARD = gnu99;
				GCC_NO_COMMON_BLOCKS = YES;
				GCC_WARN_64_TO_32_BIT_CONVERSION = YES;
				GCC_WARN_ABOUT_RETURN_TYPE = YES_ERROR;
				GCC_WARN_UNDECLARED_SELECTOR = YES;
				GCC_WARN_UNINITIALIZED_AUTOS = YES_AGGRESSIVE;
				GCC_WARN_UNUSED_FUNCTION = YES;
				GCC_WARN_UNUSED_VARIABLE = YES;
				IPHONEOS_DEPLOYMENT_TARGET = 9.3;
				MTL_ENABLE_DEBUG_INFO = NO;
				PRODUCT_NAME = IPAChartApp;
				SDKROOT = iphoneos;
				SWIFT_OPTIMIZATION_LEVEL = "-Owholemodule";
				TARGETED_DEVICE_FAMILY = "1,2";
				VALIDATE_PRODUCT = YES;
			};
			name = Release;
		};
		27818AB51EA92EA70018CBA3 /* Debug */ = {
			isa = XCBuildConfiguration;
			buildSettings = {
				ALWAYS_EMBED_SWIFT_STANDARD_LIBRARIES = YES;
				ASSETCATALOG_COMPILER_APPICON_NAME = AppIcon;
				DEVELOPMENT_TEAM = 7LKQP3MSCV;
				INFOPLIST_FILE = IPAChartApp/Info.plist;
				IPHONEOS_DEPLOYMENT_TARGET = 9.3;
				LD_RUNPATH_SEARCH_PATHS = "$(inherited) @executable_path/Frameworks";
				PRODUCT_BUNDLE_IDENTIFIER = com.tyndalesoft.IPAChartApp;
				PRODUCT_NAME = "$(TARGET_NAME)";
				SWIFT_VERSION = 3.0;
			};
			name = Debug;
		};
		27818AB61EA92EA70018CBA3 /* Release */ = {
			isa = XCBuildConfiguration;
			buildSettings = {
				ALWAYS_EMBED_SWIFT_STANDARD_LIBRARIES = YES;
				ASSETCATALOG_COMPILER_APPICON_NAME = AppIcon;
				DEVELOPMENT_TEAM = 7LKQP3MSCV;
				INFOPLIST_FILE = IPAChartApp/Info.plist;
				IPHONEOS_DEPLOYMENT_TARGET = 9.3;
				LD_RUNPATH_SEARCH_PATHS = "$(inherited) @executable_path/Frameworks";
				PRODUCT_BUNDLE_IDENTIFIER = com.tyndalesoft.IPAChartApp;
				PRODUCT_NAME = "$(TARGET_NAME)";
				SWIFT_VERSION = 3.0;
			};
			name = Release;
		};
		27818AC41EA92F540018CBA3 /* Debug */ = {
			isa = XCBuildConfiguration;
			buildSettings = {
				DEVELOPMENT_TEAM = 7LKQP3MSCV;
				INFOPLIST_FILE = IPAChartBoard/Info.plist;
				IPHONEOS_DEPLOYMENT_TARGET = 9.3;
				LD_RUNPATH_SEARCH_PATHS = "$(inherited) @executable_path/Frameworks @executable_path/../../Frameworks";
				PRODUCT_BUNDLE_IDENTIFIER = com.tyndalesoft.IPAChartApp.IPAChartBoard;
				PRODUCT_NAME = "$(TARGET_NAME)";
				SKIP_INSTALL = YES;
				SWIFT_VERSION = 3.0;
			};
			name = Debug;
		};
		27818AC51EA92F540018CBA3 /* Release */ = {
			isa = XCBuildConfiguration;
			buildSettings = {
				DEVELOPMENT_TEAM = 7LKQP3MSCV;
				INFOPLIST_FILE = IPAChartBoard/Info.plist;
				IPHONEOS_DEPLOYMENT_TARGET = 9.3;
				LD_RUNPATH_SEARCH_PATHS = "$(inherited) @executable_path/Frameworks @executable_path/../../Frameworks";
				PRODUCT_BUNDLE_IDENTIFIER = com.tyndalesoft.IPAChartApp.IPAChartBoard;
				PRODUCT_NAME = "$(TARGET_NAME)";
				SKIP_INSTALL = YES;
				SWIFT_VERSION = 3.0;
			};
			name = Release;
		};
/* End XCBuildConfiguration section */

/* Begin XCConfigurationList section */
		27818A9D1EA92EA70018CBA3 /* Build configuration list for PBXProject "IPAChartApp" */ = {
			isa = XCConfigurationList;
			buildConfigurations = (
				27818AB21EA92EA70018CBA3 /* Debug */,
				27818AB31EA92EA70018CBA3 /* Release */,
			);
			defaultConfigurationIsVisible = 0;
			defaultConfigurationName = Release;
		};
		27818AB41EA92EA70018CBA3 /* Build configuration list for PBXNativeTarget "IPAChartApp" */ = {
			isa = XCConfigurationList;
			buildConfigurations = (
				27818AB51EA92EA70018CBA3 /* Debug */,
				27818AB61EA92EA70018CBA3 /* Release */,
			);
			defaultConfigurationIsVisible = 0;
			defaultConfigurationName = Release;
		};
		27818AC31EA92F540018CBA3 /* Build configuration list for PBXNativeTarget "IPAChartBoard" */ = {
			isa = XCConfigurationList;
			buildConfigurations = (
				27818AC41EA92F540018CBA3 /* Debug */,
				27818AC51EA92F540018CBA3 /* Release */,
			);
			defaultConfigurationIsVisible = 0;
			defaultConfigurationName = Release;
		};
/* End XCConfigurationList section */
	};
	rootObject = 27818A9A1EA92EA70018CBA3 /* Project object */;
}
